// !$*UTF8*$!
{
	archiveVersion = 1;
	classes = {
	};
	objectVersion = 55;
	objects = {

/* Begin PBXBuildFile section */
		58CD924BCE22339222583C6C /* Pods_Carro.framework in Frameworks */ = {isa = PBXBuildFile; fileRef = F1ECF44A491BFC131D94F90C /* Pods_Carro.framework */; };
		AB2985CE270FDFA60020E3F0 /* AppDelegate.swift in Sources */ = {isa = PBXBuildFile; fileRef = AB2985CD270FDFA60020E3F0 /* AppDelegate.swift */; };
		AB2985D2270FDFA60020E3F0 /* ViewController.swift in Sources */ = {isa = PBXBuildFile; fileRef = AB2985D1270FDFA60020E3F0 /* ViewController.swift */; };
		AB2985D5270FDFA60020E3F0 /* Main.storyboard in Resources */ = {isa = PBXBuildFile; fileRef = AB2985D3270FDFA60020E3F0 /* Main.storyboard */; };
		AB2985D8270FDFA60020E3F0 /* Carro.xcdatamodeld in Sources */ = {isa = PBXBuildFile; fileRef = AB2985D6270FDFA60020E3F0 /* Carro.xcdatamodeld */; };
		AB2985DA270FDFA90020E3F0 /* Assets.xcassets in Resources */ = {isa = PBXBuildFile; fileRef = AB2985D9270FDFA90020E3F0 /* Assets.xcassets */; };
		AB2985DD270FDFA90020E3F0 /* LaunchScreen.storyboard in Resources */ = {isa = PBXBuildFile; fileRef = AB2985DB270FDFA90020E3F0 /* LaunchScreen.storyboard */; };
		AB2985E8270FDFAA0020E3F0 /* CarroTests.swift in Sources */ = {isa = PBXBuildFile; fileRef = AB2985E7270FDFAA0020E3F0 /* CarroTests.swift */; };
		AB2985F2270FDFAA0020E3F0 /* CarroUITests.swift in Sources */ = {isa = PBXBuildFile; fileRef = AB2985F1270FDFAA0020E3F0 /* CarroUITests.swift */; };
		AB2985F4270FDFAA0020E3F0 /* CarroUITestsLaunchTests.swift in Sources */ = {isa = PBXBuildFile; fileRef = AB2985F3270FDFAA0020E3F0 /* CarroUITestsLaunchTests.swift */; };
		AB528AC0271094E4003E72DE /* NetManager.swift in Sources */ = {isa = PBXBuildFile; fileRef = AB528ABC271094E4003E72DE /* NetManager.swift */; };
		AB528AC3271094E4003E72DE /* RequestResult.swift in Sources */ = {isa = PBXBuildFile; fileRef = AB528ABF271094E4003E72DE /* RequestResult.swift */; };
		AB528AC527109695003E72DE /* UserDefaults.swift in Sources */ = {isa = PBXBuildFile; fileRef = AB528AC427109695003E72DE /* UserDefaults.swift */; };
		AB72EE9E2710892600A227A5 /* Alamofire.framework in Frameworks */ = {isa = PBXBuildFile; fileRef = AB72EE9D2710892600A227A5 /* Alamofire.framework */; };
		ABAA3741271019D600B7E796 /* sortedNameCH.plist in Resources */ = {isa = PBXBuildFile; fileRef = ABAA3740271019D600B7E796 /* sortedNameCH.plist */; };
		ABAA3743271019E300B7E796 /* sortedNameEN.plist in Resources */ = {isa = PBXBuildFile; fileRef = ABAA3742271019E300B7E796 /* sortedNameEN.plist */; };
		ABAA374727101B4C00B7E796 /* CountrySelectVC.swift in Sources */ = {isa = PBXBuildFile; fileRef = ABAA374627101B4C00B7E796 /* CountrySelectVC.swift */; };
		ABAA374F27102AC800B7E796 /* CarroInfoVC.swift in Sources */ = {isa = PBXBuildFile; fileRef = ABAA374E27102AC800B7E796 /* CarroInfoVC.swift */; };
/* End PBXBuildFile section */

/* Begin PBXContainerItemProxy section */
		AB2985E4270FDFAA0020E3F0 /* PBXContainerItemProxy */ = {
			isa = PBXContainerItemProxy;
			containerPortal = AB2985C2270FDFA50020E3F0 /* Project object */;
			proxyType = 1;
			remoteGlobalIDString = AB2985C9270FDFA60020E3F0;
			remoteInfo = Carro;
		};
		AB2985EE270FDFAA0020E3F0 /* PBXContainerItemProxy */ = {
			isa = PBXContainerItemProxy;
			containerPortal = AB2985C2270FDFA50020E3F0 /* Project object */;
			proxyType = 1;
			remoteGlobalIDString = AB2985C9270FDFA60020E3F0;
			remoteInfo = Carro;
		};
/* End PBXContainerItemProxy section */

/* Begin PBXFileReference section */
		AB2985CA270FDFA60020E3F0 /* Carro.app */ = {isa = PBXFileReference; explicitFileType = wrapper.application; includeInIndex = 0; path = Carro.app; sourceTree = BUILT_PRODUCTS_DIR; };
		AB2985CD270FDFA60020E3F0 /* AppDelegate.swift */ = {isa = PBXFileReference; lastKnownFileType = sourcecode.swift; path = AppDelegate.swift; sourceTree = "<group>"; };
		AB2985D1270FDFA60020E3F0 /* ViewController.swift */ = {isa = PBXFileReference; lastKnownFileType = sourcecode.swift; path = ViewController.swift; sourceTree = "<group>"; };
		AB2985D4270FDFA60020E3F0 /* Base */ = {isa = PBXFileReference; lastKnownFileType = file.storyboard; name = Base; path = Base.lproj/Main.storyboard; sourceTree = "<group>"; };
		AB2985D7270FDFA60020E3F0 /* Carro.xcdatamodel */ = {isa = PBXFileReference; lastKnownFileType = wrapper.xcdatamodel; path = Carro.xcdatamodel; sourceTree = "<group>"; };
		AB2985D9270FDFA90020E3F0 /* Assets.xcassets */ = {isa = PBXFileReference; lastKnownFileType = folder.assetcatalog; path = Assets.xcassets; sourceTree = "<group>"; };
		AB2985DC270FDFA90020E3F0 /* Base */ = {isa = PBXFileReference; lastKnownFileType = file.storyboard; name = Base; path = Base.lproj/LaunchScreen.storyboard; sourceTree = "<group>"; };
		AB2985E3270FDFAA0020E3F0 /* CarroTests.xctest */ = {isa = PBXFileReference; explicitFileType = wrapper.cfbundle; includeInIndex = 0; path = CarroTests.xctest; sourceTree = BUILT_PRODUCTS_DIR; };
		AB2985E7270FDFAA0020E3F0 /* CarroTests.swift */ = {isa = PBXFileReference; lastKnownFileType = sourcecode.swift; path = CarroTests.swift; sourceTree = "<group>"; };
		AB2985ED270FDFAA0020E3F0 /* CarroUITests.xctest */ = {isa = PBXFileReference; explicitFileType = wrapper.cfbundle; includeInIndex = 0; path = CarroUITests.xctest; sourceTree = BUILT_PRODUCTS_DIR; };
		AB2985F1270FDFAA0020E3F0 /* CarroUITests.swift */ = {isa = PBXFileReference; lastKnownFileType = sourcecode.swift; path = CarroUITests.swift; sourceTree = "<group>"; };
		AB2985F3270FDFAA0020E3F0 /* CarroUITestsLaunchTests.swift */ = {isa = PBXFileReference; lastKnownFileType = sourcecode.swift; path = CarroUITestsLaunchTests.swift; sourceTree = "<group>"; };
		AB528ABC271094E4003E72DE /* NetManager.swift */ = {isa = PBXFileReference; fileEncoding = 4; lastKnownFileType = sourcecode.swift; path = NetManager.swift; sourceTree = "<group>"; };
		AB528ABF271094E4003E72DE /* RequestResult.swift */ = {isa = PBXFileReference; fileEncoding = 4; lastKnownFileType = sourcecode.swift; path = RequestResult.swift; sourceTree = "<group>"; };
		AB528AC427109695003E72DE /* UserDefaults.swift */ = {isa = PBXFileReference; lastKnownFileType = sourcecode.swift; path = UserDefaults.swift; sourceTree = "<group>"; };
		AB72EE9D2710892600A227A5 /* Alamofire.framework */ = {isa = PBXFileReference; explicitFileType = wrapper.framework; path = Alamofire.framework; sourceTree = BUILT_PRODUCTS_DIR; };
		ABAA3740271019D600B7E796 /* sortedNameCH.plist */ = {isa = PBXFileReference; lastKnownFileType = file.bplist; path = sortedNameCH.plist; sourceTree = "<group>"; };
		ABAA3742271019E300B7E796 /* sortedNameEN.plist */ = {isa = PBXFileReference; lastKnownFileType = file.bplist; path = sortedNameEN.plist; sourceTree = "<group>"; };
		ABAA374627101B4C00B7E796 /* CountrySelectVC.swift */ = {isa = PBXFileReference; lastKnownFileType = sourcecode.swift; path = CountrySelectVC.swift; sourceTree = "<group>"; };
		ABAA374A271021E800B7E796 /* Info.plist */ = {isa = PBXFileReference; fileEncoding = 4; lastKnownFileType = text.plist.xml; path = Info.plist; sourceTree = "<group>"; };
		ABAA374C271028F200B7E796 /* zh-Hans */ = {isa = PBXFileReference; lastKnownFileType = text.plist.strings; name = "zh-Hans"; path = "zh-Hans.lproj/Main.strings"; sourceTree = "<group>"; };
		ABAA374D271028F200B7E796 /* zh-Hans */ = {isa = PBXFileReference; lastKnownFileType = text.plist.strings; name = "zh-Hans"; path = "zh-Hans.lproj/LaunchScreen.strings"; sourceTree = "<group>"; };
		ABAA374E27102AC800B7E796 /* CarroInfoVC.swift */ = {isa = PBXFileReference; lastKnownFileType = sourcecode.swift; path = CarroInfoVC.swift; sourceTree = "<group>"; };
		B9F85E2FD7661AC0B8659EA6 /* Pods-Carro.debug.xcconfig */ = {isa = PBXFileReference; includeInIndex = 1; lastKnownFileType = text.xcconfig; name = "Pods-Carro.debug.xcconfig"; path = "Target Support Files/Pods-Carro/Pods-Carro.debug.xcconfig"; sourceTree = "<group>"; };
		F1ECF44A491BFC131D94F90C /* Pods_Carro.framework */ = {isa = PBXFileReference; explicitFileType = wrapper.framework; includeInIndex = 0; path = Pods_Carro.framework; sourceTree = BUILT_PRODUCTS_DIR; };
		F3085D0C11260FAD70FCACB0 /* Pods-Carro.release.xcconfig */ = {isa = PBXFileReference; includeInIndex = 1; lastKnownFileType = text.xcconfig; name = "Pods-Carro.release.xcconfig"; path = "Target Support Files/Pods-Carro/Pods-Carro.release.xcconfig"; sourceTree = "<group>"; };
/* End PBXFileReference section */

/* Begin PBXFrameworksBuildPhase section */
		AB2985C7270FDFA60020E3F0 /* Frameworks */ = {
			isa = PBXFrameworksBuildPhase;
			buildActionMask = 2147483647;
			files = (
				AB72EE9E2710892600A227A5 /* Alamofire.framework in Frameworks */,
				58CD924BCE22339222583C6C /* Pods_Carro.framework in Frameworks */,
			);
			runOnlyForDeploymentPostprocessing = 0;
		};
		AB2985E0270FDFAA0020E3F0 /* Frameworks */ = {
			isa = PBXFrameworksBuildPhase;
			buildActionMask = 2147483647;
			files = (
			);
			runOnlyForDeploymentPostprocessing = 0;
		};
		AB2985EA270FDFAA0020E3F0 /* Frameworks */ = {
			isa = PBXFrameworksBuildPhase;
			buildActionMask = 2147483647;
			files = (
			);
			runOnlyForDeploymentPostprocessing = 0;
		};
/* End PBXFrameworksBuildPhase section */

/* Begin PBXGroup section */
		4912F6EEDD263B6D27E9E9E7 /* Pods */ = {
			isa = PBXGroup;
			children = (
				B9F85E2FD7661AC0B8659EA6 /* Pods-Carro.debug.xcconfig */,
				F3085D0C11260FAD70FCACB0 /* Pods-Carro.release.xcconfig */,
			);
			path = Pods;
			sourceTree = "<group>";
		};
		A0579FB3A9CA507D49F1477E /* Frameworks */ = {
			isa = PBXGroup;
			children = (
				AB72EE9D2710892600A227A5 /* Alamofire.framework */,
				F1ECF44A491BFC131D94F90C /* Pods_Carro.framework */,
			);
			name = Frameworks;
			sourceTree = "<group>";
		};
		AB2985C1270FDFA50020E3F0 = {
			isa = PBXGroup;
			children = (
				AB2985CC270FDFA60020E3F0 /* Carro */,
				AB2985E6270FDFAA0020E3F0 /* CarroTests */,
				AB2985F0270FDFAA0020E3F0 /* CarroUITests */,
				AB2985CB270FDFA60020E3F0 /* Products */,
				4912F6EEDD263B6D27E9E9E7 /* Pods */,
				A0579FB3A9CA507D49F1477E /* Frameworks */,
			);
			sourceTree = "<group>";
		};
		AB2985CB270FDFA60020E3F0 /* Products */ = {
			isa = PBXGroup;
			children = (
				AB2985CA270FDFA60020E3F0 /* Carro.app */,
				AB2985E3270FDFAA0020E3F0 /* CarroTests.xctest */,
				AB2985ED270FDFAA0020E3F0 /* CarroUITests.xctest */,
			);
			name = Products;
			sourceTree = "<group>";
		};
		AB2985CC270FDFA60020E3F0 /* Carro */ = {
			isa = PBXGroup;
			children = (
				AB72EE882710779800A227A5 /* NetWork */,
				ABAA3742271019E300B7E796 /* sortedNameEN.plist */,
				ABAA3740271019D600B7E796 /* sortedNameCH.plist */,
				AB2985CD270FDFA60020E3F0 /* AppDelegate.swift */,
				AB2985D1270FDFA60020E3F0 /* ViewController.swift */,
				ABAA374627101B4C00B7E796 /* CountrySelectVC.swift */,
				ABAA374E27102AC800B7E796 /* CarroInfoVC.swift */,
				AB2985D3270FDFA60020E3F0 /* Main.storyboard */,
				ABAA374A271021E800B7E796 /* Info.plist */,
				AB2985D9270FDFA90020E3F0 /* Assets.xcassets */,
				AB2985DB270FDFA90020E3F0 /* LaunchScreen.storyboard */,
				AB2985D6270FDFA60020E3F0 /* Carro.xcdatamodeld */,
			);
			path = Carro;
			sourceTree = "<group>";
		};
		AB2985E6270FDFAA0020E3F0 /* CarroTests */ = {
			isa = PBXGroup;
			children = (
				AB2985E7270FDFAA0020E3F0 /* CarroTests.swift */,
			);
			path = CarroTests;
			sourceTree = "<group>";
		};
		AB2985F0270FDFAA0020E3F0 /* CarroUITests */ = {
			isa = PBXGroup;
			children = (
				AB2985F1270FDFAA0020E3F0 /* CarroUITests.swift */,
				AB2985F3270FDFAA0020E3F0 /* CarroUITestsLaunchTests.swift */,
			);
			path = CarroUITests;
			sourceTree = "<group>";
		};
		AB72EE882710779800A227A5 /* NetWork */ = {
			isa = PBXGroup;
			children = (
				AB528ABC271094E4003E72DE /* NetManager.swift */,
				AB528ABF271094E4003E72DE /* RequestResult.swift */,
				AB528AC427109695003E72DE /* UserDefaults.swift */,
			);
			path = NetWork;
			sourceTree = "<group>";
		};
/* End PBXGroup section */

/* Begin PBXNativeTarget section */
		AB2985C9270FDFA60020E3F0 /* Carro */ = {
			isa = PBXNativeTarget;
			buildConfigurationList = AB2985F7270FDFAA0020E3F0 /* Build configuration list for PBXNativeTarget "Carro" */;
			buildPhases = (
				79E8B76E18F058AE3A7BF71B /* [CP] Check Pods Manifest.lock */,
				AB2985C6270FDFA60020E3F0 /* Sources */,
				AB2985C7270FDFA60020E3F0 /* Frameworks */,
				AB2985C8270FDFA60020E3F0 /* Resources */,
				AC2844D680BE57A67641F091 /* [CP] Embed Pods Frameworks */,
			);
			buildRules = (
			);
			dependencies = (
			);
			name = Carro;
			productName = Carro;
			productReference = AB2985CA270FDFA60020E3F0 /* Carro.app */;
			productType = "com.apple.product-type.application";
		};
		AB2985E2270FDFAA0020E3F0 /* CarroTests */ = {
			isa = PBXNativeTarget;
			buildConfigurationList = AB2985FA270FDFAA0020E3F0 /* Build configuration list for PBXNativeTarget "CarroTests" */;
			buildPhases = (
				AB2985DF270FDFAA0020E3F0 /* Sources */,
				AB2985E0270FDFAA0020E3F0 /* Frameworks */,
				AB2985E1270FDFAA0020E3F0 /* Resources */,
			);
			buildRules = (
			);
			dependencies = (
				AB2985E5270FDFAA0020E3F0 /* PBXTargetDependency */,
			);
			name = CarroTests;
			productName = CarroTests;
			productReference = AB2985E3270FDFAA0020E3F0 /* CarroTests.xctest */;
			productType = "com.apple.product-type.bundle.unit-test";
		};
		AB2985EC270FDFAA0020E3F0 /* CarroUITests */ = {
			isa = PBXNativeTarget;
			buildConfigurationList = AB2985FD270FDFAA0020E3F0 /* Build configuration list for PBXNativeTarget "CarroUITests" */;
			buildPhases = (
				AB2985E9270FDFAA0020E3F0 /* Sources */,
				AB2985EA270FDFAA0020E3F0 /* Frameworks */,
				AB2985EB270FDFAA0020E3F0 /* Resources */,
			);
			buildRules = (
			);
			dependencies = (
				AB2985EF270FDFAA0020E3F0 /* PBXTargetDependency */,
			);
			name = CarroUITests;
			productName = CarroUITests;
			productReference = AB2985ED270FDFAA0020E3F0 /* CarroUITests.xctest */;
			productType = "com.apple.product-type.bundle.ui-testing";
		};
/* End PBXNativeTarget section */

/* Begin PBXProject section */
		AB2985C2270FDFA50020E3F0 /* Project object */ = {
			isa = PBXProject;
			attributes = {
				BuildIndependentTargetsInParallel = 1;
				LastSwiftUpdateCheck = 1300;
				LastUpgradeCheck = 1300;
				TargetAttributes = {
					AB2985C9270FDFA60020E3F0 = {
						CreatedOnToolsVersion = 13.0;
					};
					AB2985E2270FDFAA0020E3F0 = {
						CreatedOnToolsVersion = 13.0;
						TestTargetID = AB2985C9270FDFA60020E3F0;
					};
					AB2985EC270FDFAA0020E3F0 = {
						CreatedOnToolsVersion = 13.0;
						TestTargetID = AB2985C9270FDFA60020E3F0;
					};
				};
			};
			buildConfigurationList = AB2985C5270FDFA60020E3F0 /* Build configuration list for PBXProject "Carro" */;
			compatibilityVersion = "Xcode 13.0";
			developmentRegion = en;
			hasScannedForEncodings = 0;
			knownRegions = (
				en,
				Base,
				"zh-Hans",
			);
			mainGroup = AB2985C1270FDFA50020E3F0;
			productRefGroup = AB2985CB270FDFA60020E3F0 /* Products */;
			projectDirPath = "";
			projectRoot = "";
			targets = (
				AB2985C9270FDFA60020E3F0 /* Carro */,
				AB2985E2270FDFAA0020E3F0 /* CarroTests */,
				AB2985EC270FDFAA0020E3F0 /* CarroUITests */,
			);
		};
/* End PBXProject section */

/* Begin PBXResourcesBuildPhase section */
		AB2985C8270FDFA60020E3F0 /* Resources */ = {
			isa = PBXResourcesBuildPhase;
			buildActionMask = 2147483647;
			files = (
				ABAA3743271019E300B7E796 /* sortedNameEN.plist in Resources */,
				AB2985DD270FDFA90020E3F0 /* LaunchScreen.storyboard in Resources */,
				ABAA3741271019D600B7E796 /* sortedNameCH.plist in Resources */,
				AB2985DA270FDFA90020E3F0 /* Assets.xcassets in Resources */,
				AB2985D5270FDFA60020E3F0 /* Main.storyboard in Resources */,
			);
			runOnlyForDeploymentPostprocessing = 0;
		};
		AB2985E1270FDFAA0020E3F0 /* Resources */ = {
			isa = PBXResourcesBuildPhase;
			buildActionMask = 2147483647;
			files = (
			);
			runOnlyForDeploymentPostprocessing = 0;
		};
		AB2985EB270FDFAA0020E3F0 /* Resources */ = {
			isa = PBXResourcesBuildPhase;
			buildActionMask = 2147483647;
			files = (
			);
			runOnlyForDeploymentPostprocessing = 0;
		};
/* End PBXResourcesBuildPhase section */

/* Begin PBXShellScriptBuildPhase section */
		79E8B76E18F058AE3A7BF71B /* [CP] Check Pods Manifest.lock */ = {
			isa = PBXShellScriptBuildPhase;
			buildActionMask = 2147483647;
			files = (
			);
			inputFileListPaths = (
			);
			inputPaths = (
				"${PODS_PODFILE_DIR_PATH}/Podfile.lock",
				"${PODS_ROOT}/Manifest.lock",
			);
			name = "[CP] Check Pods Manifest.lock";
			outputFileListPaths = (
			);
			outputPaths = (
				"$(DERIVED_FILE_DIR)/Pods-Carro-checkManifestLockResult.txt",
			);
			runOnlyForDeploymentPostprocessing = 0;
			shellPath = /bin/sh;
			shellScript = "diff \"${PODS_PODFILE_DIR_PATH}/Podfile.lock\" \"${PODS_ROOT}/Manifest.lock\" > /dev/null\nif [ $? != 0 ] ; then\n    # print error to STDERR\n    echo \"error: The sandbox is not in sync with the Podfile.lock. Run 'pod install' or update your CocoaPods installation.\" >&2\n    exit 1\nfi\n# This output is used by Xcode 'outputs' to avoid re-running this script phase.\necho \"SUCCESS\" > \"${SCRIPT_OUTPUT_FILE_0}\"\n";
			showEnvVarsInLog = 0;
		};
		AC2844D680BE57A67641F091 /* [CP] Embed Pods Frameworks */ = {
			isa = PBXShellScriptBuildPhase;
			buildActionMask = 2147483647;
			files = (
			);
			inputFileListPaths = (
				"${PODS_ROOT}/Target Support Files/Pods-Carro/Pods-Carro-frameworks-${CONFIGURATION}-input-files.xcfilelist",
			);
			name = "[CP] Embed Pods Frameworks";
			outputFileListPaths = (
				"${PODS_ROOT}/Target Support Files/Pods-Carro/Pods-Carro-frameworks-${CONFIGURATION}-output-files.xcfilelist",
			);
			runOnlyForDeploymentPostprocessing = 0;
			shellPath = /bin/sh;
			shellScript = "\"${PODS_ROOT}/Target Support Files/Pods-Carro/Pods-Carro-frameworks.sh\"\n";
			showEnvVarsInLog = 0;
		};
/* End PBXShellScriptBuildPhase section */

/* Begin PBXSourcesBuildPhase section */
		AB2985C6270FDFA60020E3F0 /* Sources */ = {
			isa = PBXSourcesBuildPhase;
			buildActionMask = 2147483647;
			files = (
				ABAA374F27102AC800B7E796 /* CarroInfoVC.swift in Sources */,
				AB528AC0271094E4003E72DE /* NetManager.swift in Sources */,
				AB528AC3271094E4003E72DE /* RequestResult.swift in Sources */,
				AB2985D2270FDFA60020E3F0 /* ViewController.swift in Sources */,
				AB528AC527109695003E72DE /* UserDefaults.swift in Sources */,
				ABAA374727101B4C00B7E796 /* CountrySelectVC.swift in Sources */,
				AB2985D8270FDFA60020E3F0 /* Carro.xcdatamodeld in Sources */,
				AB2985CE270FDFA60020E3F0 /* AppDelegate.swift in Sources */,
			);
			runOnlyForDeploymentPostprocessing = 0;
		};
		AB2985DF270FDFAA0020E3F0 /* Sources */ = {
			isa = PBXSourcesBuildPhase;
			buildActionMask = 2147483647;
			files = (
				AB2985E8270FDFAA0020E3F0 /* CarroTests.swift in Sources */,
			);
			runOnlyForDeploymentPostprocessing = 0;
		};
		AB2985E9270FDFAA0020E3F0 /* Sources */ = {
			isa = PBXSourcesBuildPhase;
			buildActionMask = 2147483647;
			files = (
				AB2985F4270FDFAA0020E3F0 /* CarroUITestsLaunchTests.swift in Sources */,
				AB2985F2270FDFAA0020E3F0 /* CarroUITests.swift in Sources */,
			);
			runOnlyForDeploymentPostprocessing = 0;
		};
/* End PBXSourcesBuildPhase section */

/* Begin PBXTargetDependency section */
		AB2985E5270FDFAA0020E3F0 /* PBXTargetDependency */ = {
			isa = PBXTargetDependency;
			target = AB2985C9270FDFA60020E3F0 /* Carro */;
			targetProxy = AB2985E4270FDFAA0020E3F0 /* PBXContainerItemProxy */;
		};
		AB2985EF270FDFAA0020E3F0 /* PBXTargetDependency */ = {
			isa = PBXTargetDependency;
			target = AB2985C9270FDFA60020E3F0 /* Carro */;
			targetProxy = AB2985EE270FDFAA0020E3F0 /* PBXContainerItemProxy */;
		};
/* End PBXTargetDependency section */

/* Begin PBXVariantGroup section */
		AB2985D3270FDFA60020E3F0 /* Main.storyboard */ = {
			isa = PBXVariantGroup;
			children = (
				AB2985D4270FDFA60020E3F0 /* Base */,
				ABAA374C271028F200B7E796 /* zh-Hans */,
			);
			name = Main.storyboard;
			sourceTree = "<group>";
		};
		AB2985DB270FDFA90020E3F0 /* LaunchScreen.storyboard */ = {
			isa = PBXVariantGroup;
			children = (
				AB2985DC270FDFA90020E3F0 /* Base */,
				ABAA374D271028F200B7E796 /* zh-Hans */,
			);
			name = LaunchScreen.storyboard;
			sourceTree = "<group>";
		};
/* End PBXVariantGroup section */

/* Begin XCBuildConfiguration section */
		AB2985F5270FDFAA0020E3F0 /* Debug */ = {
			isa = XCBuildConfiguration;
			buildSettings = {
				ALWAYS_SEARCH_USER_PATHS = NO;
				CLANG_ANALYZER_LOCALIZABILITY_NONLOCALIZED = YES;
				CLANG_ANALYZER_NONNULL = YES;
				CLANG_ANALYZER_NUMBER_OBJECT_CONVERSION = YES_AGGRESSIVE;
				CLANG_CXX_LANGUAGE_STANDARD = "gnu++17";
				CLANG_CXX_LIBRARY = "libc++";
				CLANG_ENABLE_MODULES = YES;
				CLANG_ENABLE_OBJC_ARC = YES;
				CLANG_ENABLE_OBJC_WEAK = YES;
				CLANG_WARN_BLOCK_CAPTURE_AUTORELEASING = YES;
				CLANG_WARN_BOOL_CONVERSION = YES;
				CLANG_WARN_COMMA = YES;
				CLANG_WARN_CONSTANT_CONVERSION = YES;
				CLANG_WARN_DEPRECATED_OBJC_IMPLEMENTATIONS = YES;
				CLANG_WARN_DIRECT_OBJC_ISA_USAGE = YES_ERROR;
				CLANG_WARN_DOCUMENTATION_COMMENTS = YES;
				CLANG_WARN_EMPTY_BODY = YES;
				CLANG_WARN_ENUM_CONVERSION = YES;
				CLANG_WARN_INFINITE_RECURSION = YES;
				CLANG_WARN_INT_CONVERSION = YES;
				CLANG_WARN_NON_LITERAL_NULL_CONVERSION = YES;
				CLANG_WARN_OBJC_IMPLICIT_RETAIN_SELF = YES;
				CLANG_WARN_OBJC_LITERAL_CONVERSION = YES;
				CLANG_WARN_OBJC_ROOT_CLASS = YES_ERROR;
				CLANG_WARN_QUOTED_INCLUDE_IN_FRAMEWORK_HEADER = YES;
				CLANG_WARN_RANGE_LOOP_ANALYSIS = YES;
				CLANG_WARN_STRICT_PROTOTYPES = YES;
				CLANG_WARN_SUSPICIOUS_MOVE = YES;
				CLANG_WARN_UNGUARDED_AVAILABILITY = YES_AGGRESSIVE;
				CLANG_WARN_UNREACHABLE_CODE = YES;
				CLANG_WARN__DUPLICATE_METHOD_MATCH = YES;
				COPY_PHASE_STRIP = NO;
				DEBUG_INFORMATION_FORMAT = dwarf;
				ENABLE_STRICT_OBJC_MSGSEND = YES;
				ENABLE_TESTABILITY = YES;
				GCC_C_LANGUAGE_STANDARD = gnu11;
				GCC_DYNAMIC_NO_PIC = NO;
				GCC_NO_COMMON_BLOCKS = YES;
				GCC_OPTIMIZATION_LEVEL = 0;
				GCC_PREPROCESSOR_DEFINITIONS = (
					"DEBUG=1",
					"$(inherited)",
				);
				GCC_WARN_64_TO_32_BIT_CONVERSION = YES;
				GCC_WARN_ABOUT_RETURN_TYPE = YES_ERROR;
				GCC_WARN_UNDECLARED_SELECTOR = YES;
				GCC_WARN_UNINITIALIZED_AUTOS = YES_AGGRESSIVE;
				GCC_WARN_UNUSED_FUNCTION = YES;
				GCC_WARN_UNUSED_VARIABLE = YES;
				IPHONEOS_DEPLOYMENT_TARGET = 15.0;
				MTL_ENABLE_DEBUG_INFO = INCLUDE_SOURCE;
				MTL_FAST_MATH = YES;
				ONLY_ACTIVE_ARCH = YES;
				SDKROOT = iphoneos;
				SWIFT_ACTIVE_COMPILATION_CONDITIONS = DEBUG;
				SWIFT_OPTIMIZATION_LEVEL = "-Onone";
			};
			name = Debug;
		};
		AB2985F6270FDFAA0020E3F0 /* Release */ = {
			isa = XCBuildConfiguration;
			buildSettings = {
				ALWAYS_SEARCH_USER_PATHS = NO;
				CLANG_ANALYZER_LOCALIZABILITY_NONLOCALIZED = YES;
				CLANG_ANALYZER_NONNULL = YES;
				CLANG_ANALYZER_NUMBER_OBJECT_CONVERSION = YES_AGGRESSIVE;
				CLANG_CXX_LANGUAGE_STANDARD = "gnu++17";
				CLANG_CXX_LIBRARY = "libc++";
				CLANG_ENABLE_MODULES = YES;
				CLANG_ENABLE_OBJC_ARC = YES;
				CLANG_ENABLE_OBJC_WEAK = YES;
				CLANG_WARN_BLOCK_CAPTURE_AUTORELEASING = YES;
				CLANG_WARN_BOOL_CONVERSION = YES;
				CLANG_WARN_COMMA = YES;
				CLANG_WARN_CONSTANT_CONVERSION = YES;
				CLANG_WARN_DEPRECATED_OBJC_IMPLEMENTATIONS = YES;
				CLANG_WARN_DIRECT_OBJC_ISA_USAGE = YES_ERROR;
				CLANG_WARN_DOCUMENTATION_COMMENTS = YES;
				CLANG_WARN_EMPTY_BODY = YES;
				CLANG_WARN_ENUM_CONVERSION = YES;
				CLANG_WARN_INFINITE_RECURSION = YES;
				CLANG_WARN_INT_CONVERSION = YES;
				CLANG_WARN_NON_LITERAL_NULL_CONVERSION = YES;
				CLANG_WARN_OBJC_IMPLICIT_RETAIN_SELF = YES;
				CLANG_WARN_OBJC_LITERAL_CONVERSION = YES;
				CLANG_WARN_OBJC_ROOT_CLASS = YES_ERROR;
				CLANG_WARN_QUOTED_INCLUDE_IN_FRAMEWORK_HEADER = YES;
				CLANG_WARN_RANGE_LOOP_ANALYSIS = YES;
				CLANG_WARN_STRICT_PROTOTYPES = YES;
				CLANG_WARN_SUSPICIOUS_MOVE = YES;
				CLANG_WARN_UNGUARDED_AVAILABILITY = YES_AGGRESSIVE;
				CLANG_WARN_UNREACHABLE_CODE = YES;
				CLANG_WARN__DUPLICATE_METHOD_MATCH = YES;
				COPY_PHASE_STRIP = NO;
				DEBUG_INFORMATION_FORMAT = "dwarf-with-dsym";
				ENABLE_NS_ASSERTIONS = NO;
				ENABLE_STRICT_OBJC_MSGSEND = YES;
				GCC_C_LANGUAGE_STANDARD = gnu11;
				GCC_NO_COMMON_BLOCKS = YES;
				GCC_WARN_64_TO_32_BIT_CONVERSION = YES;
				GCC_WARN_ABOUT_RETURN_TYPE = YES_ERROR;
				GCC_WARN_UNDECLARED_SELECTOR = YES;
				GCC_WARN_UNINITIALIZED_AUTOS = YES_AGGRESSIVE;
				GCC_WARN_UNUSED_FUNCTION = YES;
				GCC_WARN_UNUSED_VARIABLE = YES;
				IPHONEOS_DEPLOYMENT_TARGET = 15.0;
				MTL_ENABLE_DEBUG_INFO = NO;
				MTL_FAST_MATH = YES;
				SDKROOT = iphoneos;
				SWIFT_COMPILATION_MODE = wholemodule;
				SWIFT_OPTIMIZATION_LEVEL = "-O";
				VALIDATE_PRODUCT = YES;
			};
			name = Release;
		};
		AB2985F8270FDFAA0020E3F0 /* Debug */ = {
			isa = XCBuildConfiguration;
			baseConfigurationReference = B9F85E2FD7661AC0B8659EA6 /* Pods-Carro.debug.xcconfig */;
			buildSettings = {
				ASSETCATALOG_COMPILER_APPICON_NAME = AppIcon;
				ASSETCATALOG_COMPILER_GLOBAL_ACCENT_COLOR_NAME = AccentColor;
				CODE_SIGN_STYLE = Automatic;
				CURRENT_PROJECT_VERSION = 1;
				DEVELOPMENT_TEAM = JQZT7W82FP;
				GENERATE_INFOPLIST_FILE = YES;
				INFOPLIST_FILE = Carro/Info.plist;
				INFOPLIST_KEY_UIApplicationSupportsIndirectInputEvents = YES;
				INFOPLIST_KEY_UILaunchStoryboardName = LaunchScreen;
				INFOPLIST_KEY_UIMainStoryboardFile = Main;
				INFOPLIST_KEY_UIRequiredDeviceCapabilities = armv7;
				INFOPLIST_KEY_UISupportedInterfaceOrientations = UIInterfaceOrientationPortrait;
				INFOPLIST_KEY_UISupportedInterfaceOrientations_iPad = "UIInterfaceOrientationPortrait UIInterfaceOrientationPortraitUpsideDown UIInterfaceOrientationLandscapeLeft UIInterfaceOrientationLandscapeRight";
				INFOPLIST_KEY_UISupportedInterfaceOrientations_iPhone = "UIInterfaceOrientationPortrait UIInterfaceOrientationLandscapeLeft UIInterfaceOrientationLandscapeRight";
				IPHONEOS_DEPLOYMENT_TARGET = 11.0;
				LD_RUNPATH_SEARCH_PATHS = (
					"$(inherited)",
					"@executable_path/Frameworks",
				);
				MARKETING_VERSION = 1.0;
				PRODUCT_BUNDLE_IDENTIFIER = PHC.Carro;
				PRODUCT_NAME = "$(TARGET_NAME)";
				SWIFT_EMIT_LOC_STRINGS = YES;
				SWIFT_VERSION = 5.0;
				TARGETED_DEVICE_FAMILY = 1;
			};
			name = Debug;
		};
		AB2985F9270FDFAA0020E3F0 /* Release */ = {
			isa = XCBuildConfiguration;
			baseConfigurationReference = F3085D0C11260FAD70FCACB0 /* Pods-Carro.release.xcconfig */;
			buildSettings = {
				ASSETCATALOG_COMPILER_APPICON_NAME = AppIcon;
				ASSETCATALOG_COMPILER_GLOBAL_ACCENT_COLOR_NAME = AccentColor;
				CODE_SIGN_STYLE = Automatic;
				CURRENT_PROJECT_VERSION = 1;
				DEVELOPMENT_TEAM = JQZT7W82FP;
				GENERATE_INFOPLIST_FILE = YES;
				INFOPLIST_FILE = Carro/Info.plist;
				INFOPLIST_KEY_UIApplicationSupportsIndirectInputEvents = YES;
				INFOPLIST_KEY_UILaunchStoryboardName = LaunchScreen;
				INFOPLIST_KEY_UIMainStoryboardFile = Main;
				INFOPLIST_KEY_UIRequiredDeviceCapabilities = armv7;
				INFOPLIST_KEY_UISupportedInterfaceOrientations = UIInterfaceOrientationPortrait;
				INFOPLIST_KEY_UISupportedInterfaceOrientations_iPad = "UIInterfaceOrientationPortrait UIInterfaceOrientationPortraitUpsideDown UIInterfaceOrientationLandscapeLeft UIInterfaceOrientationLandscapeRight";
				INFOPLIST_KEY_UISupportedInterfaceOrientations_iPhone = "UIInterfaceOrientationPortrait UIInterfaceOrientationLandscapeLeft UIInterfaceOrientationLandscapeRight";
				IPHONEOS_DEPLOYMENT_TARGET = 11.0;
				LD_RUNPATH_SEARCH_PATHS = (
					"$(inherited)",
					"@executable_path/Frameworks",
				);
				MARKETING_VERSION = 1.0;
				PRODUCT_BUNDLE_IDENTIFIER = PHC.Carro;
				PRODUCT_NAME = "$(TARGET_NAME)";
				SWIFT_EMIT_LOC_STRINGS = YES;
				SWIFT_VERSION = 5.0;
				TARGETED_DEVICE_FAMILY = 1;
			};
			name = Release;
		};
		AB2985FB270FDFAA0020E3F0 /* Debug */ = {
			isa = XCBuildConfiguration;
			buildSettings = {
				ALWAYS_EMBED_SWIFT_STANDARD_LIBRARIES = YES;
				BUNDLE_LOADER = "$(TEST_HOST)";
				CODE_SIGN_STYLE = Automatic;
				CURRENT_PROJECT_VERSION = 1;
				GENERATE_INFOPLIST_FILE = YES;
				IPHONEOS_DEPLOYMENT_TARGET = 15.0;
				LD_RUNPATH_SEARCH_PATHS = (
					"$(inherited)",
					"@executable_path/Frameworks",
					"@loader_path/Frameworks",
				);
				MARKETING_VERSION = 1.0;
				PRODUCT_BUNDLE_IDENTIFIER = PHC.CarroTests;
				PRODUCT_NAME = "$(TARGET_NAME)";
				SWIFT_EMIT_LOC_STRINGS = NO;
				SWIFT_VERSION = 5.0;
				TARGETED_DEVICE_FAMILY = "1,2";
				TEST_HOST = "$(BUILT_PRODUCTS_DIR)/Carro.app/Carro";
			};
			name = Debug;
		};
		AB2985FC270FDFAA0020E3F0 /* Release */ = {
			isa = XCBuildConfiguration;
			buildSettings = {
				ALWAYS_EMBED_SWIFT_STANDARD_LIBRARIES = YES;
				BUNDLE_LOADER = "$(TEST_HOST)";
				CODE_SIGN_STYLE = Automatic;
				CURRENT_PROJECT_VERSION = 1;
				GENERATE_INFOPLIST_FILE = YES;
				IPHONEOS_DEPLOYMENT_TARGET = 15.0;
				LD_RUNPATH_SEARCH_PATHS = (
					"$(inherited)",
					"@executable_path/Frameworks",
					"@loader_path/Frameworks",
				);
				MARKETING_VERSION = 1.0;
				PRODUCT_BUNDLE_IDENTIFIER = PHC.CarroTests;
				PRODUCT_NAME = "$(TARGET_NAME)";
				SWIFT_EMIT_LOC_STRINGS = NO;
				SWIFT_VERSION = 5.0;
				TARGETED_DEVICE_FAMILY = "1,2";
				TEST_HOST = "$(BUILT_PRODUCTS_DIR)/Carro.app/Carro";
			};
			name = Release;
		};
		AB2985FE270FDFAA0020E3F0 /* Debug */ = {
			isa = XCBuildConfiguration;
			buildSettings = {
				ALWAYS_EMBED_SWIFT_STANDARD_LIBRARIES = YES;
				CODE_SIGN_STYLE = Automatic;
				CURRENT_PROJECT_VERSION = 1;
				GENERATE_INFOPLIST_FILE = YES;
				LD_RUNPATH_SEARCH_PATHS = (
					"$(inherited)",
					"@executable_path/Frameworks",
					"@loader_path/Frameworks",
				);
				MARKETING_VERSION = 1.0;
				PRODUCT_BUNDLE_IDENTIFIER = PHC.CarroUITests;
				PRODUCT_NAME = "$(TARGET_NAME)";
				SWIFT_EMIT_LOC_STRINGS = NO;
				SWIFT_VERSION = 5.0;
				TARGETED_DEVICE_FAMILY = "1,2";
				TEST_TARGET_NAME = Carro;
			};
			name = Debug;
		};
		AB2985FF270FDFAA0020E3F0 /* Release */ = {
			isa = XCBuildConfiguration;
			buildSettings = {
				ALWAYS_EMBED_SWIFT_STANDARD_LIBRARIES = YES;
				CODE_SIGN_STYLE = Automatic;
				CURRENT_PROJECT_VERSION = 1;
				GENERATE_INFOPLIST_FILE = YES;
				LD_RUNPATH_SEARCH_PATHS = (
					"$(inherited)",
					"@executable_path/Frameworks",
					"@loader_path/Frameworks",
				);
				MARKETING_VERSION = 1.0;
				PRODUCT_BUNDLE_IDENTIFIER = PHC.CarroUITests;
				PRODUCT_NAME = "$(TARGET_NAME)";
				SWIFT_EMIT_LOC_STRINGS = NO;
				SWIFT_VERSION = 5.0;
				TARGETED_DEVICE_FAMILY = "1,2";
				TEST_TARGET_NAME = Carro;
			};
			name = Release;
		};
/* End XCBuildConfiguration section */

/* Begin XCConfigurationList section */
		AB2985C5270FDFA60020E3F0 /* Build configuration list for PBXProject "Carro" */ = {
			isa = XCConfigurationList;
			buildConfigurations = (
				AB2985F5270FDFAA0020E3F0 /* Debug */,
				AB2985F6270FDFAA0020E3F0 /* Release */,
			);
			defaultConfigurationIsVisible = 0;
			defaultConfigurationName = Release;
		};
		AB2985F7270FDFAA0020E3F0 /* Build configuration list for PBXNativeTarget "Carro" */ = {
			isa = XCConfigurationList;
			buildConfigurations = (
				AB2985F8270FDFAA0020E3F0 /* Debug */,
				AB2985F9270FDFAA0020E3F0 /* Release */,
			);
			defaultConfigurationIsVisible = 0;
			defaultConfigurationName = Release;
		};
		AB2985FA270FDFAA0020E3F0 /* Build configuration list for PBXNativeTarget "CarroTests" */ = {
			isa = XCConfigurationList;
			buildConfigurations = (
				AB2985FB270FDFAA0020E3F0 /* Debug */,
				AB2985FC270FDFAA0020E3F0 /* Release */,
			);
			defaultConfigurationIsVisible = 0;
			defaultConfigurationName = Release;
		};
		AB2985FD270FDFAA0020E3F0 /* Build configuration list for PBXNativeTarget "CarroUITests" */ = {
			isa = XCConfigurationList;
			buildConfigurations = (
				AB2985FE270FDFAA0020E3F0 /* Debug */,
				AB2985FF270FDFAA0020E3F0 /* Release */,
			);
			defaultConfigurationIsVisible = 0;
			defaultConfigurationName = Release;
		};
/* End XCConfigurationList section */

/* Begin XCVersionGroup section */
		AB2985D6270FDFA60020E3F0 /* Carro.xcdatamodeld */ = {
			isa = XCVersionGroup;
			children = (
				AB2985D7270FDFA60020E3F0 /* Carro.xcdatamodel */,
			);
			currentVersion = AB2985D7270FDFA60020E3F0 /* Carro.xcdatamodel */;
			path = Carro.xcdatamodeld;
			sourceTree = "<group>";
			versionGroupType = wrapper.xcdatamodel;
		};
/* End XCVersionGroup section */
	};
	rootObject = AB2985C2270FDFA50020E3F0 /* Project object */;
}
